{
    "name": "haxe-formatter",
    "version": "1.9.2",
    "lockfileVersion": 1,
    "requires": true,
    "dependencies": {
        "lix": {
            "version": "15.8.11",
            "resolved": "https://registry.npmjs.org/lix/-/lix-15.8.11.tgz",
            "integrity": "sha512-DqCAvConfo0d37VNj1tCDubPK7B61rt8Y3yvXIsp6qUOjEVn48NC2ZNJmKMmtdHZT2E86TJUiODN+4QejcBNWw==",
            "dev": true
        }
    }
}
